
Microsoft Visual Studio Solution File, Format Version 12.00
# Visual Studio Version 17
VisualStudioVersion = 17.8.34316.72
MinimumVisualStudioVersion = 10.0.40219.1
Project("{9A19103F-16F7-4668-BE54-9A1E7A4F7556}") = "QRGenerator.Api", "QRGenerator.Api\QRGenerator.Api.csproj", "{81F2F7B9-B1EB-401C-A86D-27F0B62854B6}"
EndProject
Project("{9A19103F-16F7-4668-BE54-9A1E7A4F7556}") = "QRCodeService", "QRGenerator\QRCodeService.csproj", "{7085B9AD-9F68-4E36-9A23-72F76641AE64}"
EndProject
Global
	GlobalSection(SolutionConfigurationPlatforms) = preSolution
		Debug|Any CPU = Debug|Any CPU
		Release|Any CPU = Release|Any CPU
	EndGlobalSection
	GlobalSection(ProjectConfigurationPlatforms) = postSolution
		{81F2F7B9-B1EB-401C-A86D-27F0B62854B6}.Debug|Any CPU.ActiveCfg = Debug|Any CPU
		{81F2F7B9-B1EB-401C-A86D-27F0B62854B6}.Debug|Any CPU.Build.0 = Debug|Any CPU
		{81F2F7B9-B1EB-401C-A86D-27F0B62854B6}.Release|Any CPU.ActiveCfg = Release|Any CPU
		{81F2F7B9-B1EB-401C-A86D-27F0B62854B6}.Release|Any CPU.Build.0 = Release|Any CPU
		{7085B9AD-9F68-4E36-9A23-72F76641AE64}.Debug|Any CPU.ActiveCfg = Debug|Any CPU
		{7085B9AD-9F68-4E36-9A23-72F76641AE64}.Debug|Any CPU.Build.0 = Debug|Any CPU
		{7085B9AD-9F68-4E36-9A23-72F76641AE64}.Release|Any CPU.ActiveCfg = Release|Any CPU
		{7085B9AD-9F68-4E36-9A23-72F76641AE64}.Release|Any CPU.Build.0 = Release|Any CPU
	EndGlobalSection
	GlobalSection(SolutionProperties) = preSolution
		HideSolutionNode = FALSE
	EndGlobalSection
	GlobalSection(ExtensibilityGlobals) = postSolution
		SolutionGuid = {D9A85089-B39B-4915-8EA2-A979D6AB6F19}
	EndGlobalSection
EndGlobal
